
Microsoft Visual Studio Solution File, Format Version 12.00
# Visual Studio Version 16
VisualStudioVersion = 16.0.31729.503
MinimumVisualStudioVersion = 10.0.40219.1
Project("{9A19103F-16F7-4668-BE54-9A1E7A4F7556}") = "BookCatalogue", "BookCatalogue\BookCatalogue.csproj", "{2ABCB2DB-015D-4D07-870D-E4D28A75FC6D}"
EndProject
Project("{FAE04EC0-301F-11D3-BF4B-00C04F79EFBC}") = "DataAccess", "DataAccess\DataAccess.csproj", "{CECF9B11-FC5A-4818-8092-EC47C7A4FECB}"
EndProject
Project("{FAE04EC0-301F-11D3-BF4B-00C04F79EFBC}") = "Domain", "Domain\Domain.csproj", "{6CEB94F4-D1AC-4F0E-8E1F-7A4534B88963}"
EndProject
Project("{FAE04EC0-301F-11D3-BF4B-00C04F79EFBC}") = "BookCatalogueDTO", "BookCatalogueDTO\BookCatalogueDTO.csproj", "{DC9A2234-9296-4D59-985C-1F89A693A79C}"
EndProject
Global
	GlobalSection(SolutionConfigurationPlatforms) = preSolution
		Debug|Any CPU = Debug|Any CPU
		Release|Any CPU = Release|Any CPU
	EndGlobalSection
	GlobalSection(ProjectConfigurationPlatforms) = postSolution
		{2ABCB2DB-015D-4D07-870D-E4D28A75FC6D}.Debug|Any CPU.ActiveCfg = Debug|Any CPU
		{2ABCB2DB-015D-4D07-870D-E4D28A75FC6D}.Debug|Any CPU.Build.0 = Debug|Any CPU
		{2ABCB2DB-015D-4D07-870D-E4D28A75FC6D}.Release|Any CPU.ActiveCfg = Release|Any CPU
		{2ABCB2DB-015D-4D07-870D-E4D28A75FC6D}.Release|Any CPU.Build.0 = Release|Any CPU
		{CECF9B11-FC5A-4818-8092-EC47C7A4FECB}.Debug|Any CPU.ActiveCfg = Debug|Any CPU
		{CECF9B11-FC5A-4818-8092-EC47C7A4FECB}.Debug|Any CPU.Build.0 = Debug|Any CPU
		{CECF9B11-FC5A-4818-8092-EC47C7A4FECB}.Release|Any CPU.ActiveCfg = Release|Any CPU
		{CECF9B11-FC5A-4818-8092-EC47C7A4FECB}.Release|Any CPU.Build.0 = Release|Any CPU
		{6CEB94F4-D1AC-4F0E-8E1F-7A4534B88963}.Debug|Any CPU.ActiveCfg = Debug|Any CPU
		{6CEB94F4-D1AC-4F0E-8E1F-7A4534B88963}.Debug|Any CPU.Build.0 = Debug|Any CPU
		{6CEB94F4-D1AC-4F0E-8E1F-7A4534B88963}.Release|Any CPU.ActiveCfg = Release|Any CPU
		{6CEB94F4-D1AC-4F0E-8E1F-7A4534B88963}.Release|Any CPU.Build.0 = Release|Any CPU
		{DC9A2234-9296-4D59-985C-1F89A693A79C}.Debug|Any CPU.ActiveCfg = Debug|Any CPU
		{DC9A2234-9296-4D59-985C-1F89A693A79C}.Debug|Any CPU.Build.0 = Debug|Any CPU
		{DC9A2234-9296-4D59-985C-1F89A693A79C}.Release|Any CPU.ActiveCfg = Release|Any CPU
		{DC9A2234-9296-4D59-985C-1F89A693A79C}.Release|Any CPU.Build.0 = Release|Any CPU
	EndGlobalSection
	GlobalSection(SolutionProperties) = preSolution
		HideSolutionNode = FALSE
	EndGlobalSection
	GlobalSection(ExtensibilityGlobals) = postSolution
		SolutionGuid = {F03B18A2-BDFE-46D1-B7B9-69C1BB41CAD0}
	EndGlobalSection
EndGlobal
